PODS:
  - Alamofire (4.7.0)
  - Firebase/Core (4.10.1):
    - FirebaseAnalytics (= 4.1.0)
    - FirebaseCore (= 4.0.17)
  - Firebase/Database (4.10.1):
    - Firebase/Core
    - FirebaseDatabase (= 4.1.5)
  - FirebaseAnalytics (4.1.0):
    - FirebaseCore (~> 4.0)
    - FirebaseInstanceID (~> 2.0)
    - GoogleToolboxForMac/NSData+zlib (~> 2.1)
    - nanopb (~> 0.3)
  - FirebaseCore (4.0.17):
    - GoogleToolboxForMac/NSData+zlib (~> 2.1)
  - FirebaseDatabase (4.1.5):
    - FirebaseAnalytics (~> 4.1)
    - FirebaseCore (~> 4.0)
    - leveldb-library (~> 1.18)
  - FirebaseInstanceID (2.0.9):
    - FirebaseCore (~> 4.0)
  - GoogleToolboxForMac/Defines (2.1.3)
  - GoogleToolboxForMac/NSData+zlib (2.1.3):
    - GoogleToolboxForMac/Defines (= 2.1.3)
  - Kingfisher (4.6.3)
  - leveldb-library (1.20)
  - nanopb (0.3.8):
    - nanopb/decode (= 0.3.8)
    - nanopb/encode (= 0.3.8)
  - nanopb/decode (0.3.8)
  - nanopb/encode (0.3.8)
  - RxCocoa (4.1.2):
    - RxSwift (~> 4.0)
  - RxMKMapView (4.0.0):
    - RxCocoa (~> 4.0)
    - RxSwift (~> 4.0)
  - RxSwift (4.1.2)

DEPENDENCIES:
  - Alamofire
  - Firebase/Core
  - Firebase/Database
  - Kingfisher
  - RxCocoa
  - RxMKMapView
  - RxSwift

SPEC CHECKSUMS:
  Alamofire: 907e0a98eb68cdb7f9d1f541a563d6ac5dc77b25
  Firebase: 92c6ba593e32db0defde464a9adc981d5cb49f97
  FirebaseAnalytics: 3dfae28d4a5e06f86c4fae830efc2ad3fadb19bc
  FirebaseCore: 872307b001bbefda1dfa0dbfffa50a6919023d4a
  FirebaseDatabase: 5f0bc6134c5c237cf55f9e1249d406770a75eafd
  FirebaseInstanceID: d2058a35e9bebda1b6dd42486b84917bde552a9d
  GoogleToolboxForMac: 2501e2ad72a52eb3dfe7bd9aee7dad11b858bd20
  Kingfisher: 98e6d5b5e807645743e8ed5ececd25d688d38452
  leveldb-library: 08cba283675b7ed2d99629a4bc5fd052cd2bb6a5
  nanopb: 5601e6bca2dbf1ed831b519092ec110f66982ca3
  RxCocoa: d88ba0f1f6abf040011a9eb4b539324fc426843a
  RxMKMapView: 5cd47305a35e6dbf8bceb7713280060950203188
  RxSwift: e49536837d9901277638493ea537394d4b55f570

PODFILE CHECKSUM: 948945d04c2548f84d82d1c6105081193a79c25d

COCOAPODS: 1.3.1
