// !$*UTF8*$!
{
	archiveVersion = 1;
	classes = {
	};
	objectVersion = 48;
	objects = {

/* Begin PBXBuildFile section */
		3D2ED49820606ED500FE6644 /* ShiftEventViewModel.swift in Sources */ = {isa = PBXBuildFile; fileRef = 3D2ED49720606ED500FE6644 /* ShiftEventViewModel.swift */; };
		3D2ED49920606ED500FE6644 /* ShiftEventViewModel.swift in Sources */ = {isa = PBXBuildFile; fileRef = 3D2ED49720606ED500FE6644 /* ShiftEventViewModel.swift */; };
		3D2ED4A12060D66500FE6644 /* Alamofire.framework in Frameworks */ = {isa = PBXBuildFile; fileRef = 3D2ED4A22060D66500FE6644 /* Alamofire.framework */; };
		3D2ED4A32060D69500FE6644 /* GoogleService-Info.plist in Resources */ = {isa = PBXBuildFile; fileRef = A2B2CBF3205BE7A10019E8BF /* GoogleService-Info.plist */; };
		3D2ED4A42060D69500FE6644 /* GoogleService-Info.plist in Resources */ = {isa = PBXBuildFile; fileRef = A2B2CBF3205BE7A10019E8BF /* GoogleService-Info.plist */; };
		3D2ED4A52060D6A200FE6644 /* BusinessViewModel.swift in Sources */ = {isa = PBXBuildFile; fileRef = A2E7C6B7205FDAE0006C2B54 /* BusinessViewModel.swift */; };
		3D2ED4A62060D6A400FE6644 /* ShiftEventViewModel.swift in Sources */ = {isa = PBXBuildFile; fileRef = 3D2ED49720606ED500FE6644 /* ShiftEventViewModel.swift */; };
		3D2ED4A72060D6AF00FE6644 /* Info.plist in Resources */ = {isa = PBXBuildFile; fileRef = A2570986205BD0220003C0A4 /* Info.plist */; };
		3D2ED4A82060D6AF00FE6644 /* Info.plist in Resources */ = {isa = PBXBuildFile; fileRef = A2570986205BD0220003C0A4 /* Info.plist */; };
		3D2ED4A92060D6B000FE6644 /* Info.plist in Resources */ = {isa = PBXBuildFile; fileRef = A2570986205BD0220003C0A4 /* Info.plist */; };
		3D2ED4AA2060D72500FE6644 /* Pods-ShiftLog.debug.xcconfig in Resources */ = {isa = PBXBuildFile; fileRef = 67A005B176F40E06CFF39DBF /* Pods-ShiftLog.debug.xcconfig */; };
		3D2ED4AD2060D72900FE6644 /* Pods-ShiftLog.release.xcconfig in Resources */ = {isa = PBXBuildFile; fileRef = F7D367F355CB40C150309A5A /* Pods-ShiftLog.release.xcconfig */; };
		3D2ED4B22060D72F00FE6644 /* Pods-ShiftLogTests.debug.xcconfig in Resources */ = {isa = PBXBuildFile; fileRef = D7ABA8380DE1DA0786DEF6AE /* Pods-ShiftLogTests.debug.xcconfig */; };
		3D2ED4B52060D73300FE6644 /* Pods-ShiftLogTests.release.xcconfig in Resources */ = {isa = PBXBuildFile; fileRef = 6B4F5EEBEE6271874BC21FF4 /* Pods-ShiftLogTests.release.xcconfig */; };
		3D2ED4B72060D73600FE6644 /* Pods-ShiftLogUITests.debug.xcconfig in Resources */ = {isa = PBXBuildFile; fileRef = 5153B9DE5C3998C0DD0ADA8B /* Pods-ShiftLogUITests.debug.xcconfig */; };
		3D2ED4BA2060D73900FE6644 /* Pods-ShiftLogUITests.release.xcconfig in Resources */ = {isa = PBXBuildFile; fileRef = 33C0956886EC2B6C2F2BD837 /* Pods-ShiftLogUITests.release.xcconfig */; };
		3D2ED4BC2060D74400FE6644 /* ShiftLogTests.xctest in Resources */ = {isa = PBXBuildFile; fileRef = A2E7C690205FBCC8006C2B54 /* ShiftLogTests.xctest */; };
		3D2ED4C12060D75A00FE6644 /* Assets.xcassets in Resources */ = {isa = PBXBuildFile; fileRef = A2570981205BD0220003C0A4 /* Assets.xcassets */; };
		3D2ED4C22060D7E400FE6644 /* Main.storyboard in Resources */ = {isa = PBXBuildFile; fileRef = 3D2ED49B2060BECE00FE6644 /* Main.storyboard */; };
		3D2ED4C32060D7F400FE6644 /* Main.storyboard in Resources */ = {isa = PBXBuildFile; fileRef = 3D2ED49B2060BECE00FE6644 /* Main.storyboard */; };
		A2570978205BD0220003C0A4 /* AppDelegate.swift in Sources */ = {isa = PBXBuildFile; fileRef = A2570977205BD0220003C0A4 /* AppDelegate.swift */; };
		A257097A205BD0220003C0A4 /* ShiftLogMainViewController.swift in Sources */ = {isa = PBXBuildFile; fileRef = A2570979205BD0220003C0A4 /* ShiftLogMainViewController.swift */; };
		A2570982205BD0220003C0A4 /* Assets.xcassets in Resources */ = {isa = PBXBuildFile; fileRef = A2570981205BD0220003C0A4 /* Assets.xcassets */; };
		A2570985205BD0220003C0A4 /* LaunchScreen.storyboard in Resources */ = {isa = PBXBuildFile; fileRef = A2570983205BD0220003C0A4 /* LaunchScreen.storyboard */; };
		A257099B205BD0220003C0A4 /* ShiftLogUITests.swift in Sources */ = {isa = PBXBuildFile; fileRef = A257099A205BD0220003C0A4 /* ShiftLogUITests.swift */; };
		A2B2CBF4205BE7A10019E8BF /* GoogleService-Info.plist in Resources */ = {isa = PBXBuildFile; fileRef = A2B2CBF3205BE7A10019E8BF /* GoogleService-Info.plist */; };
		A2B2CBFB205D4E250019E8BF /* ShiftLogItem.swift in Sources */ = {isa = PBXBuildFile; fileRef = A2B2CBFA205D4E250019E8BF /* ShiftLogItem.swift */; };
		A2E7C660205E132E006C2B54 /* ApiClient.swift in Sources */ = {isa = PBXBuildFile; fileRef = A2E7C65F205E132E006C2B54 /* ApiClient.swift */; };
		A2E7C663205E13C4006C2B54 /* ApiService.swift in Sources */ = {isa = PBXBuildFile; fileRef = A2E7C662205E13C4006C2B54 /* ApiService.swift */; };
		A2E7C66F205E7357006C2B54 /* Business.swift in Sources */ = {isa = PBXBuildFile; fileRef = A2E7C66E205E7357006C2B54 /* Business.swift */; };
		A2E7C675205E773F006C2B54 /* ShiftEvent.swift in Sources */ = {isa = PBXBuildFile; fileRef = A2E7C674205E773F006C2B54 /* ShiftEvent.swift */; };
		A2E7C679205F5627006C2B54 /* ShiftLogViewModel.swift in Sources */ = {isa = PBXBuildFile; fileRef = A2E7C678205F5627006C2B54 /* ShiftLogViewModel.swift */; };
		A2E7C67C205F5C8C006C2B54 /* Notifications.swift in Sources */ = {isa = PBXBuildFile; fileRef = A2E7C67B205F5C8C006C2B54 /* Notifications.swift */; };
		A2E7C693205FBCC8006C2B54 /* ShiftLogTests.swift in Sources */ = {isa = PBXBuildFile; fileRef = A2E7C692205FBCC8006C2B54 /* ShiftLogTests.swift */; };
		A2E7C69F205FBCE9006C2B54 /* StartShiftMockData.json in Resources */ = {isa = PBXBuildFile; fileRef = A2E7C69A205FBCE9006C2B54 /* StartShiftMockData.json */; };
		A2E7C6A0205FBCE9006C2B54 /* WrongAPI.json in Resources */ = {isa = PBXBuildFile; fileRef = A2E7C69B205FBCE9006C2B54 /* WrongAPI.json */; };
		A2E7C6A1205FBCE9006C2B54 /* MissingAuthToken.json in Resources */ = {isa = PBXBuildFile; fileRef = A2E7C69C205FBCE9006C2B54 /* MissingAuthToken.json */; };
		A2E7C6A2205FBCE9006C2B54 /* ShiftLogsMockData.json in Resources */ = {isa = PBXBuildFile; fileRef = A2E7C69D205FBCE9006C2B54 /* ShiftLogsMockData.json */; };
		A2E7C6A3205FBCE9006C2B54 /* BusinessMockData.json in Resources */ = {isa = PBXBuildFile; fileRef = A2E7C69E205FBCE9006C2B54 /* BusinessMockData.json */; };
		A2E7C6A4205FC075006C2B54 /* ApiClient.swift in Sources */ = {isa = PBXBuildFile; fileRef = A2E7C65F205E132E006C2B54 /* ApiClient.swift */; };
		A2E7C6A5205FC076006C2B54 /* ApiClient.swift in Sources */ = {isa = PBXBuildFile; fileRef = A2E7C65F205E132E006C2B54 /* ApiClient.swift */; };
		A2E7C6A6205FC079006C2B54 /* ApiService.swift in Sources */ = {isa = PBXBuildFile; fileRef = A2E7C662205E13C4006C2B54 /* ApiService.swift */; };
		A2E7C6A7205FC07A006C2B54 /* ApiService.swift in Sources */ = {isa = PBXBuildFile; fileRef = A2E7C662205E13C4006C2B54 /* ApiService.swift */; };
		A2E7C6A8205FC07C006C2B54 /* AppDelegate.swift in Sources */ = {isa = PBXBuildFile; fileRef = A2570977205BD0220003C0A4 /* AppDelegate.swift */; };
		A2E7C6A9205FC07D006C2B54 /* AppDelegate.swift in Sources */ = {isa = PBXBuildFile; fileRef = A2570977205BD0220003C0A4 /* AppDelegate.swift */; };
		A2E7C6AA205FC081006C2B54 /* ShiftLogItem.swift in Sources */ = {isa = PBXBuildFile; fileRef = A2B2CBFA205D4E250019E8BF /* ShiftLogItem.swift */; };
		A2E7C6AB205FC081006C2B54 /* ShiftLogItem.swift in Sources */ = {isa = PBXBuildFile; fileRef = A2B2CBFA205D4E250019E8BF /* ShiftLogItem.swift */; };
		A2E7C6AD205FC085006C2B54 /* Business.swift in Sources */ = {isa = PBXBuildFile; fileRef = A2E7C66E205E7357006C2B54 /* Business.swift */; };
		A2E7C6AE205FC085006C2B54 /* Business.swift in Sources */ = {isa = PBXBuildFile; fileRef = A2E7C66E205E7357006C2B54 /* Business.swift */; };
		A2E7C6AF205FC08B006C2B54 /* ShiftEvent.swift in Sources */ = {isa = PBXBuildFile; fileRef = A2E7C674205E773F006C2B54 /* ShiftEvent.swift */; };
		A2E7C6B0205FC08B006C2B54 /* ShiftEvent.swift in Sources */ = {isa = PBXBuildFile; fileRef = A2E7C674205E773F006C2B54 /* ShiftEvent.swift */; };
		A2E7C6B1205FC08E006C2B54 /* ShiftLogMainViewController.swift in Sources */ = {isa = PBXBuildFile; fileRef = A2570979205BD0220003C0A4 /* ShiftLogMainViewController.swift */; };
		A2E7C6B2205FC08E006C2B54 /* ShiftLogMainViewController.swift in Sources */ = {isa = PBXBuildFile; fileRef = A2570979205BD0220003C0A4 /* ShiftLogMainViewController.swift */; };
		A2E7C6B3205FC092006C2B54 /* ShiftLogViewModel.swift in Sources */ = {isa = PBXBuildFile; fileRef = A2E7C678205F5627006C2B54 /* ShiftLogViewModel.swift */; };
		A2E7C6B4205FC092006C2B54 /* ShiftLogViewModel.swift in Sources */ = {isa = PBXBuildFile; fileRef = A2E7C678205F5627006C2B54 /* ShiftLogViewModel.swift */; };
		A2E7C6B5205FC0D1006C2B54 /* Notifications.swift in Sources */ = {isa = PBXBuildFile; fileRef = A2E7C67B205F5C8C006C2B54 /* Notifications.swift */; };
		A2E7C6B6205FC0D1006C2B54 /* Notifications.swift in Sources */ = {isa = PBXBuildFile; fileRef = A2E7C67B205F5C8C006C2B54 /* Notifications.swift */; };
		A2E7C6B8205FDAE0006C2B54 /* BusinessViewModel.swift in Sources */ = {isa = PBXBuildFile; fileRef = A2E7C6B7205FDAE0006C2B54 /* BusinessViewModel.swift */; };
		A2E7C6B9205FDAE0006C2B54 /* BusinessViewModel.swift in Sources */ = {isa = PBXBuildFile; fileRef = A2E7C6B7205FDAE0006C2B54 /* BusinessViewModel.swift */; };
		A2E7C6BB20611F3E006C2B54 /* ShiftLogsTableViewController.swift in Sources */ = {isa = PBXBuildFile; fileRef = A2E7C6BA20611F3E006C2B54 /* ShiftLogsTableViewController.swift */; };
		A2E7C6BC20611F3E006C2B54 /* ShiftLogsTableViewController.swift in Sources */ = {isa = PBXBuildFile; fileRef = A2E7C6BA20611F3E006C2B54 /* ShiftLogsTableViewController.swift */; };
		A2E7C6C220612025006C2B54 /* LogTableViewCell.swift in Sources */ = {isa = PBXBuildFile; fileRef = A2E7C6C020612025006C2B54 /* LogTableViewCell.swift */; };
		A2E7C6C320612025006C2B54 /* LogTableViewCell.swift in Sources */ = {isa = PBXBuildFile; fileRef = A2E7C6C020612025006C2B54 /* LogTableViewCell.swift */; };
		A2E7C6C420612025006C2B54 /* LogTableViewCell.xib in Resources */ = {isa = PBXBuildFile; fileRef = A2E7C6C120612025006C2B54 /* LogTableViewCell.xib */; };
		A2E7C6C520612025006C2B54 /* LogTableViewCell.xib in Resources */ = {isa = PBXBuildFile; fileRef = A2E7C6C120612025006C2B54 /* LogTableViewCell.xib */; };
		C0C7D17AE659C3B93143535B /* Pods_ShiftLog.framework in Frameworks */ = {isa = PBXBuildFile; fileRef = 8EAA5A2C0ABACD41E2228014 /* Pods_ShiftLog.framework */; };
		C8C107B1E90AA5350E0214BF /* Pods_ShiftLogTests.framework in Frameworks */ = {isa = PBXBuildFile; fileRef = F26EF1C668DC5DA1AD450950 /* Pods_ShiftLogTests.framework */; };
		D592349386F68F6E81E6112B /* Pods_ShiftLogUITests.framework in Frameworks */ = {isa = PBXBuildFile; fileRef = 6B893BCE22D47B63E4548EE9 /* Pods_ShiftLogUITests.framework */; };
/* End PBXBuildFile section */

/* Begin PBXContainerItemProxy section */
		A2570997205BD0220003C0A4 /* PBXContainerItemProxy */ = {
			isa = PBXContainerItemProxy;
			containerPortal = A257096C205BD0220003C0A4 /* Project object */;
			proxyType = 1;
			remoteGlobalIDString = A2570973205BD0220003C0A4;
			remoteInfo = ShiftLog;
		};
		A2E7C695205FBCC8006C2B54 /* PBXContainerItemProxy */ = {
			isa = PBXContainerItemProxy;
			containerPortal = A257096C205BD0220003C0A4 /* Project object */;
			proxyType = 1;
			remoteGlobalIDString = A2570973205BD0220003C0A4;
			remoteInfo = ShiftLog;
		};
/* End PBXContainerItemProxy section */

/* Begin PBXFileReference section */
		33C0956886EC2B6C2F2BD837 /* Pods-ShiftLogUITests.release.xcconfig */ = {isa = PBXFileReference; includeInIndex = 1; lastKnownFileType = text.xcconfig; name = "Pods-ShiftLogUITests.release.xcconfig"; path = "Pods/Target Support Files/Pods-ShiftLogUITests/Pods-ShiftLogUITests.release.xcconfig"; sourceTree = "<group>"; };
		3D2ED49720606ED500FE6644 /* ShiftEventViewModel.swift */ = {isa = PBXFileReference; lastKnownFileType = sourcecode.swift; path = ShiftEventViewModel.swift; sourceTree = "<group>"; };
		3D2ED49B2060BECE00FE6644 /* Main.storyboard */ = {isa = PBXFileReference; lastKnownFileType = file.storyboard; path = Main.storyboard; sourceTree = "<group>"; };
		3D2ED4A22060D66500FE6644 /* Alamofire.framework */ = {isa = PBXFileReference; explicitFileType = wrapper.framework; path = Alamofire.framework; sourceTree = BUILT_PRODUCTS_DIR; };
		5153B9DE5C3998C0DD0ADA8B /* Pods-ShiftLogUITests.debug.xcconfig */ = {isa = PBXFileReference; includeInIndex = 1; lastKnownFileType = text.xcconfig; name = "Pods-ShiftLogUITests.debug.xcconfig"; path = "Pods/Target Support Files/Pods-ShiftLogUITests/Pods-ShiftLogUITests.debug.xcconfig"; sourceTree = "<group>"; };
		67A005B176F40E06CFF39DBF /* Pods-ShiftLog.debug.xcconfig */ = {isa = PBXFileReference; includeInIndex = 1; lastKnownFileType = text.xcconfig; name = "Pods-ShiftLog.debug.xcconfig"; path = "Pods/Target Support Files/Pods-ShiftLog/Pods-ShiftLog.debug.xcconfig"; sourceTree = "<group>"; };
		6B4F5EEBEE6271874BC21FF4 /* Pods-ShiftLogTests.release.xcconfig */ = {isa = PBXFileReference; includeInIndex = 1; lastKnownFileType = text.xcconfig; name = "Pods-ShiftLogTests.release.xcconfig"; path = "Pods/Target Support Files/Pods-ShiftLogTests/Pods-ShiftLogTests.release.xcconfig"; sourceTree = "<group>"; };
		6B893BCE22D47B63E4548EE9 /* Pods_ShiftLogUITests.framework */ = {isa = PBXFileReference; explicitFileType = wrapper.framework; includeInIndex = 0; path = Pods_ShiftLogUITests.framework; sourceTree = BUILT_PRODUCTS_DIR; };
		8EAA5A2C0ABACD41E2228014 /* Pods_ShiftLog.framework */ = {isa = PBXFileReference; explicitFileType = wrapper.framework; includeInIndex = 0; path = Pods_ShiftLog.framework; sourceTree = BUILT_PRODUCTS_DIR; };
		A2570974205BD0220003C0A4 /* ShiftLog.app */ = {isa = PBXFileReference; explicitFileType = wrapper.application; includeInIndex = 0; path = ShiftLog.app; sourceTree = BUILT_PRODUCTS_DIR; };
		A2570977205BD0220003C0A4 /* AppDelegate.swift */ = {isa = PBXFileReference; lastKnownFileType = sourcecode.swift; path = AppDelegate.swift; sourceTree = "<group>"; };
		A2570979205BD0220003C0A4 /* ShiftLogMainViewController.swift */ = {isa = PBXFileReference; lastKnownFileType = sourcecode.swift; path = ShiftLogMainViewController.swift; sourceTree = "<group>"; };
		A2570981205BD0220003C0A4 /* Assets.xcassets */ = {isa = PBXFileReference; lastKnownFileType = folder.assetcatalog; path = Assets.xcassets; sourceTree = "<group>"; };
		A2570984205BD0220003C0A4 /* Base */ = {isa = PBXFileReference; lastKnownFileType = file.storyboard; name = Base; path = Base.lproj/LaunchScreen.storyboard; sourceTree = "<group>"; };
		A2570986205BD0220003C0A4 /* Info.plist */ = {isa = PBXFileReference; lastKnownFileType = text.plist.xml; path = Info.plist; sourceTree = "<group>"; };
		A2570996205BD0220003C0A4 /* ShiftLogUITests.xctest */ = {isa = PBXFileReference; explicitFileType = wrapper.cfbundle; includeInIndex = 0; path = ShiftLogUITests.xctest; sourceTree = BUILT_PRODUCTS_DIR; };
		A257099A205BD0220003C0A4 /* ShiftLogUITests.swift */ = {isa = PBXFileReference; lastKnownFileType = sourcecode.swift; path = ShiftLogUITests.swift; sourceTree = "<group>"; };
		A257099C205BD0220003C0A4 /* Info.plist */ = {isa = PBXFileReference; lastKnownFileType = text.plist.xml; path = Info.plist; sourceTree = "<group>"; };
		A2B2CBF3205BE7A10019E8BF /* GoogleService-Info.plist */ = {isa = PBXFileReference; fileEncoding = 4; lastKnownFileType = text.plist.xml; path = "GoogleService-Info.plist"; sourceTree = "<group>"; };
		A2B2CBFA205D4E250019E8BF /* ShiftLogItem.swift */ = {isa = PBXFileReference; fileEncoding = 4; lastKnownFileType = sourcecode.swift; path = ShiftLogItem.swift; sourceTree = "<group>"; };
		A2E7C65F205E132E006C2B54 /* ApiClient.swift */ = {isa = PBXFileReference; lastKnownFileType = sourcecode.swift; path = ApiClient.swift; sourceTree = "<group>"; };
		A2E7C662205E13C4006C2B54 /* ApiService.swift */ = {isa = PBXFileReference; lastKnownFileType = sourcecode.swift; path = ApiService.swift; sourceTree = "<group>"; };
		A2E7C66E205E7357006C2B54 /* Business.swift */ = {isa = PBXFileReference; lastKnownFileType = sourcecode.swift; path = Business.swift; sourceTree = "<group>"; };
		A2E7C674205E773F006C2B54 /* ShiftEvent.swift */ = {isa = PBXFileReference; lastKnownFileType = sourcecode.swift; path = ShiftEvent.swift; sourceTree = "<group>"; };
		A2E7C678205F5627006C2B54 /* ShiftLogViewModel.swift */ = {isa = PBXFileReference; lastKnownFileType = sourcecode.swift; path = ShiftLogViewModel.swift; sourceTree = "<group>"; };
		A2E7C67B205F5C8C006C2B54 /* Notifications.swift */ = {isa = PBXFileReference; fileEncoding = 4; lastKnownFileType = sourcecode.swift; path = Notifications.swift; sourceTree = "<group>"; };
		A2E7C690205FBCC8006C2B54 /* ShiftLogTests.xctest */ = {isa = PBXFileReference; explicitFileType = wrapper.cfbundle; includeInIndex = 0; path = ShiftLogTests.xctest; sourceTree = BUILT_PRODUCTS_DIR; };
		A2E7C692205FBCC8006C2B54 /* ShiftLogTests.swift */ = {isa = PBXFileReference; lastKnownFileType = sourcecode.swift; path = ShiftLogTests.swift; sourceTree = "<group>"; };
		A2E7C694205FBCC8006C2B54 /* Info.plist */ = {isa = PBXFileReference; lastKnownFileType = text.plist.xml; path = Info.plist; sourceTree = "<group>"; };
		A2E7C69A205FBCE9006C2B54 /* StartShiftMockData.json */ = {isa = PBXFileReference; fileEncoding = 4; lastKnownFileType = text.json; path = StartShiftMockData.json; sourceTree = "<group>"; };
		A2E7C69B205FBCE9006C2B54 /* WrongAPI.json */ = {isa = PBXFileReference; fileEncoding = 4; lastKnownFileType = text.json; path = WrongAPI.json; sourceTree = "<group>"; };
		A2E7C69C205FBCE9006C2B54 /* MissingAuthToken.json */ = {isa = PBXFileReference; fileEncoding = 4; lastKnownFileType = text.json; path = MissingAuthToken.json; sourceTree = "<group>"; };
		A2E7C69D205FBCE9006C2B54 /* ShiftLogsMockData.json */ = {isa = PBXFileReference; fileEncoding = 4; lastKnownFileType = text.json; path = ShiftLogsMockData.json; sourceTree = "<group>"; };
		A2E7C69E205FBCE9006C2B54 /* BusinessMockData.json */ = {isa = PBXFileReference; fileEncoding = 4; lastKnownFileType = text.json; path = BusinessMockData.json; sourceTree = "<group>"; };
		A2E7C6B7205FDAE0006C2B54 /* BusinessViewModel.swift */ = {isa = PBXFileReference; lastKnownFileType = sourcecode.swift; path = BusinessViewModel.swift; sourceTree = "<group>"; };
		A2E7C6BA20611F3E006C2B54 /* ShiftLogsTableViewController.swift */ = {isa = PBXFileReference; lastKnownFileType = sourcecode.swift; path = ShiftLogsTableViewController.swift; sourceTree = "<group>"; };
		A2E7C6C020612025006C2B54 /* LogTableViewCell.swift */ = {isa = PBXFileReference; lastKnownFileType = sourcecode.swift; path = LogTableViewCell.swift; sourceTree = "<group>"; };
		A2E7C6C120612025006C2B54 /* LogTableViewCell.xib */ = {isa = PBXFileReference; lastKnownFileType = file.xib; path = LogTableViewCell.xib; sourceTree = "<group>"; };
		D7ABA8380DE1DA0786DEF6AE /* Pods-ShiftLogTests.debug.xcconfig */ = {isa = PBXFileReference; includeInIndex = 1; lastKnownFileType = text.xcconfig; name = "Pods-ShiftLogTests.debug.xcconfig"; path = "Pods/Target Support Files/Pods-ShiftLogTests/Pods-ShiftLogTests.debug.xcconfig"; sourceTree = "<group>"; };
		F26EF1C668DC5DA1AD450950 /* Pods_ShiftLogTests.framework */ = {isa = PBXFileReference; explicitFileType = wrapper.framework; includeInIndex = 0; path = Pods_ShiftLogTests.framework; sourceTree = BUILT_PRODUCTS_DIR; };
		F7D367F355CB40C150309A5A /* Pods-ShiftLog.release.xcconfig */ = {isa = PBXFileReference; includeInIndex = 1; lastKnownFileType = text.xcconfig; name = "Pods-ShiftLog.release.xcconfig"; path = "Pods/Target Support Files/Pods-ShiftLog/Pods-ShiftLog.release.xcconfig"; sourceTree = "<group>"; };
/* End PBXFileReference section */

/* Begin PBXFrameworksBuildPhase section */
		A2570971205BD0220003C0A4 /* Frameworks */ = {
			isa = PBXFrameworksBuildPhase;
			buildActionMask = 2147483647;
			files = (
				C0C7D17AE659C3B93143535B /* Pods_ShiftLog.framework in Frameworks */,
			);
			runOnlyForDeploymentPostprocessing = 0;
		};
		A2570993205BD0220003C0A4 /* Frameworks */ = {
			isa = PBXFrameworksBuildPhase;
			buildActionMask = 2147483647;
			files = (
				D592349386F68F6E81E6112B /* Pods_ShiftLogUITests.framework in Frameworks */,
			);
			runOnlyForDeploymentPostprocessing = 0;
		};
		A2E7C68D205FBCC8006C2B54 /* Frameworks */ = {
			isa = PBXFrameworksBuildPhase;
			buildActionMask = 2147483647;
			files = (
				3D2ED4A12060D66500FE6644 /* Alamofire.framework in Frameworks */,
				C8C107B1E90AA5350E0214BF /* Pods_ShiftLogTests.framework in Frameworks */,
			);
			runOnlyForDeploymentPostprocessing = 0;
		};
/* End PBXFrameworksBuildPhase section */

/* Begin PBXGroup section */
		2CE4D19E3F6D18E9742B8B65 /* Pods */ = {
			isa = PBXGroup;
			children = (
				67A005B176F40E06CFF39DBF /* Pods-ShiftLog.debug.xcconfig */,
				F7D367F355CB40C150309A5A /* Pods-ShiftLog.release.xcconfig */,
				D7ABA8380DE1DA0786DEF6AE /* Pods-ShiftLogTests.debug.xcconfig */,
				6B4F5EEBEE6271874BC21FF4 /* Pods-ShiftLogTests.release.xcconfig */,
				5153B9DE5C3998C0DD0ADA8B /* Pods-ShiftLogUITests.debug.xcconfig */,
				33C0956886EC2B6C2F2BD837 /* Pods-ShiftLogUITests.release.xcconfig */,
			);
			name = Pods;
			sourceTree = "<group>";
		};
		3D2ED49A2060BE2900FE6644 /* Views */ = {
			isa = PBXGroup;
			children = (
				3D2ED49B2060BECE00FE6644 /* Main.storyboard */,
				A2570979205BD0220003C0A4 /* ShiftLogMainViewController.swift */,
				A2E7C6BA20611F3E006C2B54 /* ShiftLogsTableViewController.swift */,
				A2E7C6C020612025006C2B54 /* LogTableViewCell.swift */,
				A2E7C6C120612025006C2B54 /* LogTableViewCell.xib */,
			);
			path = Views;
			sourceTree = "<group>";
		};
		A257096B205BD0220003C0A4 = {
			isa = PBXGroup;
			children = (
				A2570976205BD0220003C0A4 /* ShiftLog */,
				A2E7C691205FBCC8006C2B54 /* ShiftLogTests */,
				A2570999205BD0220003C0A4 /* ShiftLogUITests */,
				A2570975205BD0220003C0A4 /* Products */,
				2CE4D19E3F6D18E9742B8B65 /* Pods */,
				C991EDDBCE6B552513BBB628 /* Frameworks */,
			);
			sourceTree = "<group>";
		};
		A2570975205BD0220003C0A4 /* Products */ = {
			isa = PBXGroup;
			children = (
				A2570974205BD0220003C0A4 /* ShiftLog.app */,
				A2570996205BD0220003C0A4 /* ShiftLogUITests.xctest */,
				A2E7C690205FBCC8006C2B54 /* ShiftLogTests.xctest */,
			);
			name = Products;
			sourceTree = "<group>";
		};
		A2570976205BD0220003C0A4 /* ShiftLog */ = {
			isa = PBXGroup;
			children = (
				A2570977205BD0220003C0A4 /* AppDelegate.swift */,
				A2E7C65E205E12D1006C2B54 /* ServerManager */,
				A2B2CBF9205D4DDC0019E8BF /* Models */,
				A2E7C677205F51AB006C2B54 /* ViewModels */,
				3D2ED49A2060BE2900FE6644 /* Views */,
				A2570981205BD0220003C0A4 /* Assets.xcassets */,
				A2570983205BD0220003C0A4 /* LaunchScreen.storyboard */,
				A2570986205BD0220003C0A4 /* Info.plist */,
				A2B2CBF3205BE7A10019E8BF /* GoogleService-Info.plist */,
				A2E7C67A205F5C8C006C2B54 /* Utilis */,
			);
			path = ShiftLog;
			sourceTree = "<group>";
		};
		A2570999205BD0220003C0A4 /* ShiftLogUITests */ = {
			isa = PBXGroup;
			children = (
				A257099A205BD0220003C0A4 /* ShiftLogUITests.swift */,
				A257099C205BD0220003C0A4 /* Info.plist */,
			);
			path = ShiftLogUITests;
			sourceTree = "<group>";
		};
		A2B2CBF9205D4DDC0019E8BF /* Models */ = {
			isa = PBXGroup;
			children = (
				A2B2CBFA205D4E250019E8BF /* ShiftLogItem.swift */,
				A2E7C66E205E7357006C2B54 /* Business.swift */,
				A2E7C674205E773F006C2B54 /* ShiftEvent.swift */,
			);
			path = Models;
			sourceTree = "<group>";
		};
		A2E7C65E205E12D1006C2B54 /* ServerManager */ = {
			isa = PBXGroup;
			children = (
				A2E7C65F205E132E006C2B54 /* ApiClient.swift */,
				A2E7C662205E13C4006C2B54 /* ApiService.swift */,
			);
			path = ServerManager;
			sourceTree = "<group>";
		};
		A2E7C677205F51AB006C2B54 /* ViewModels */ = {
			isa = PBXGroup;
			children = (
				A2E7C678205F5627006C2B54 /* ShiftLogViewModel.swift */,
				A2E7C6B7205FDAE0006C2B54 /* BusinessViewModel.swift */,
				3D2ED49720606ED500FE6644 /* ShiftEventViewModel.swift */,
			);
			path = ViewModels;
			sourceTree = "<group>";
		};
		A2E7C67A205F5C8C006C2B54 /* Utilis */ = {
			isa = PBXGroup;
			children = (
				A2E7C67B205F5C8C006C2B54 /* Notifications.swift */,
			);
			path = Utilis;
			sourceTree = "<group>";
		};
		A2E7C691205FBCC8006C2B54 /* ShiftLogTests */ = {
			isa = PBXGroup;
			children = (
				A2E7C692205FBCC8006C2B54 /* ShiftLogTests.swift */,
				A2E7C694205FBCC8006C2B54 /* Info.plist */,
				A2E7C69E205FBCE9006C2B54 /* BusinessMockData.json */,
				A2E7C69C205FBCE9006C2B54 /* MissingAuthToken.json */,
				A2E7C69D205FBCE9006C2B54 /* ShiftLogsMockData.json */,
				A2E7C69A205FBCE9006C2B54 /* StartShiftMockData.json */,
				A2E7C69B205FBCE9006C2B54 /* WrongAPI.json */,
			);
			path = ShiftLogTests;
			sourceTree = "<group>";
		};
		C991EDDBCE6B552513BBB628 /* Frameworks */ = {
			isa = PBXGroup;
			children = (
				3D2ED4A22060D66500FE6644 /* Alamofire.framework */,
				8EAA5A2C0ABACD41E2228014 /* Pods_ShiftLog.framework */,
				F26EF1C668DC5DA1AD450950 /* Pods_ShiftLogTests.framework */,
				6B893BCE22D47B63E4548EE9 /* Pods_ShiftLogUITests.framework */,
			);
			name = Frameworks;
			sourceTree = "<group>";
		};
/* End PBXGroup section */

/* Begin PBXNativeTarget section */
		A2570973205BD0220003C0A4 /* ShiftLog */ = {
			isa = PBXNativeTarget;
			buildConfigurationList = A257099F205BD0220003C0A4 /* Build configuration list for PBXNativeTarget "ShiftLog" */;
			buildPhases = (
				AC33FFA74D045B6B794C65B7 /* [CP] Check Pods Manifest.lock */,
				A2570970205BD0220003C0A4 /* Sources */,
				A2570971205BD0220003C0A4 /* Frameworks */,
				A2570972205BD0220003C0A4 /* Resources */,
				1F7AD4EB55A200E2C88D34F2 /* [CP] Embed Pods Frameworks */,
				39FAF2575E7C414631C6BBE3 /* [CP] Copy Pods Resources */,
			);
			buildRules = (
			);
			dependencies = (
			);
			name = ShiftLog;
			productName = ShiftLog;
			productReference = A2570974205BD0220003C0A4 /* ShiftLog.app */;
			productType = "com.apple.product-type.application";
		};
		A2570995205BD0220003C0A4 /* ShiftLogUITests */ = {
			isa = PBXNativeTarget;
			buildConfigurationList = A25709A5205BD0220003C0A4 /* Build configuration list for PBXNativeTarget "ShiftLogUITests" */;
			buildPhases = (
				6B8A40213E6698093DDBEDA7 /* [CP] Check Pods Manifest.lock */,
				A2570992205BD0220003C0A4 /* Sources */,
				A2570993205BD0220003C0A4 /* Frameworks */,
				A2570994205BD0220003C0A4 /* Resources */,
				6AC9782E56674737E382234A /* [CP] Embed Pods Frameworks */,
				B0E9D6ED0FD306CD69DF2698 /* [CP] Copy Pods Resources */,
			);
			buildRules = (
			);
			dependencies = (
				A2570998205BD0220003C0A4 /* PBXTargetDependency */,
			);
			name = ShiftLogUITests;
			productName = ShiftLogUITests;
			productReference = A2570996205BD0220003C0A4 /* ShiftLogUITests.xctest */;
			productType = "com.apple.product-type.bundle.ui-testing";
		};
		A2E7C68F205FBCC8006C2B54 /* ShiftLogTests */ = {
			isa = PBXNativeTarget;
			buildConfigurationList = A2E7C697205FBCC8006C2B54 /* Build configuration list for PBXNativeTarget "ShiftLogTests" */;
			buildPhases = (
				247A0FD8A79123BA597F4E1D /* [CP] Check Pods Manifest.lock */,
				A2E7C68C205FBCC8006C2B54 /* Sources */,
				A2E7C68D205FBCC8006C2B54 /* Frameworks */,
				A2E7C68E205FBCC8006C2B54 /* Resources */,
				07C9CD96779ECF26D8427975 /* [CP] Embed Pods Frameworks */,
				C1C83E8D43DBD19E3CC678F8 /* [CP] Copy Pods Resources */,
			);
			buildRules = (
			);
			dependencies = (
				A2E7C696205FBCC8006C2B54 /* PBXTargetDependency */,
			);
			name = ShiftLogTests;
			productName = ShiftLogTests;
			productReference = A2E7C690205FBCC8006C2B54 /* ShiftLogTests.xctest */;
			productType = "com.apple.product-type.bundle.unit-test";
		};
/* End PBXNativeTarget section */

/* Begin PBXProject section */
		A257096C205BD0220003C0A4 /* Project object */ = {
			isa = PBXProject;
			attributes = {
				LastSwiftUpdateCheck = 0920;
				LastUpgradeCheck = 0920;
				ORGANIZATIONNAME = Siphty;
				TargetAttributes = {
					A2570973205BD0220003C0A4 = {
						CreatedOnToolsVersion = 9.2;
						ProvisioningStyle = Automatic;
					};
					A2570995205BD0220003C0A4 = {
						CreatedOnToolsVersion = 9.2;
						ProvisioningStyle = Automatic;
						TestTargetID = A2570973205BD0220003C0A4;
					};
					A2E7C68F205FBCC8006C2B54 = {
						CreatedOnToolsVersion = 9.2;
						ProvisioningStyle = Automatic;
						TestTargetID = A2570973205BD0220003C0A4;
					};
				};
			};
			buildConfigurationList = A257096F205BD0220003C0A4 /* Build configuration list for PBXProject "ShiftLog" */;
			compatibilityVersion = "Xcode 8.0";
			developmentRegion = en;
			hasScannedForEncodings = 0;
			knownRegions = (
				en,
				Base,
			);
			mainGroup = A257096B205BD0220003C0A4;
			productRefGroup = A2570975205BD0220003C0A4 /* Products */;
			projectDirPath = "";
			projectRoot = "";
			targets = (
				A2570973205BD0220003C0A4 /* ShiftLog */,
				A2570995205BD0220003C0A4 /* ShiftLogUITests */,
				A2E7C68F205FBCC8006C2B54 /* ShiftLogTests */,
			);
		};
/* End PBXProject section */

/* Begin PBXResourcesBuildPhase section */
		A2570972205BD0220003C0A4 /* Resources */ = {
			isa = PBXResourcesBuildPhase;
			buildActionMask = 2147483647;
			files = (
				3D2ED4C32060D7F400FE6644 /* Main.storyboard in Resources */,
				A2570985205BD0220003C0A4 /* LaunchScreen.storyboard in Resources */,
				A2E7C6C420612025006C2B54 /* LogTableViewCell.xib in Resources */,
				3D2ED4AD2060D72900FE6644 /* Pods-ShiftLog.release.xcconfig in Resources */,
				A2B2CBF4205BE7A10019E8BF /* GoogleService-Info.plist in Resources */,
				3D2ED4A72060D6AF00FE6644 /* Info.plist in Resources */,
				A2570982205BD0220003C0A4 /* Assets.xcassets in Resources */,
				3D2ED4AA2060D72500FE6644 /* Pods-ShiftLog.debug.xcconfig in Resources */,
			);
			runOnlyForDeploymentPostprocessing = 0;
		};
		A2570994205BD0220003C0A4 /* Resources */ = {
			isa = PBXResourcesBuildPhase;
			buildActionMask = 2147483647;
			files = (
				3D2ED4A82060D6AF00FE6644 /* Info.plist in Resources */,
				3D2ED4B72060D73600FE6644 /* Pods-ShiftLogUITests.debug.xcconfig in Resources */,
				3D2ED4A42060D69500FE6644 /* GoogleService-Info.plist in Resources */,
				3D2ED4BC2060D74400FE6644 /* ShiftLogTests.xctest in Resources */,
				A2E7C6C520612025006C2B54 /* LogTableViewCell.xib in Resources */,
				3D2ED4BA2060D73900FE6644 /* Pods-ShiftLogUITests.release.xcconfig in Resources */,
			);
			runOnlyForDeploymentPostprocessing = 0;
		};
		A2E7C68E205FBCC8006C2B54 /* Resources */ = {
			isa = PBXResourcesBuildPhase;
			buildActionMask = 2147483647;
			files = (
				3D2ED4C22060D7E400FE6644 /* Main.storyboard in Resources */,
				3D2ED4A92060D6B000FE6644 /* Info.plist in Resources */,
				3D2ED4C12060D75A00FE6644 /* Assets.xcassets in Resources */,
				A2E7C6A0205FBCE9006C2B54 /* WrongAPI.json in Resources */,
				A2E7C6A2205FBCE9006C2B54 /* ShiftLogsMockData.json in Resources */,
				A2E7C69F205FBCE9006C2B54 /* StartShiftMockData.json in Resources */,
				3D2ED4B52060D73300FE6644 /* Pods-ShiftLogTests.release.xcconfig in Resources */,
				A2E7C6A3205FBCE9006C2B54 /* BusinessMockData.json in Resources */,
				A2E7C6A1205FBCE9006C2B54 /* MissingAuthToken.json in Resources */,
				3D2ED4A32060D69500FE6644 /* GoogleService-Info.plist in Resources */,
				3D2ED4B22060D72F00FE6644 /* Pods-ShiftLogTests.debug.xcconfig in Resources */,
			);
			runOnlyForDeploymentPostprocessing = 0;
		};
/* End PBXResourcesBuildPhase section */

/* Begin PBXShellScriptBuildPhase section */
		07C9CD96779ECF26D8427975 /* [CP] Embed Pods Frameworks */ = {
			isa = PBXShellScriptBuildPhase;
			buildActionMask = 2147483647;
			files = (
			);
			inputPaths = (
			);
			name = "[CP] Embed Pods Frameworks";
			outputPaths = (
			);
			runOnlyForDeploymentPostprocessing = 0;
			shellPath = /bin/sh;
			shellScript = "\"${SRCROOT}/Pods/Target Support Files/Pods-ShiftLogTests/Pods-ShiftLogTests-frameworks.sh\"\n";
			showEnvVarsInLog = 0;
		};
		1F7AD4EB55A200E2C88D34F2 /* [CP] Embed Pods Frameworks */ = {
			isa = PBXShellScriptBuildPhase;
			buildActionMask = 2147483647;
			files = (
			);
			inputPaths = (
				"${SRCROOT}/Pods/Target Support Files/Pods-ShiftLog/Pods-ShiftLog-frameworks.sh",
				"${BUILT_PRODUCTS_DIR}/Alamofire/Alamofire.framework",
				"${BUILT_PRODUCTS_DIR}/GoogleToolboxForMac/GoogleToolboxForMac.framework",
				"${BUILT_PRODUCTS_DIR}/Kingfisher/Kingfisher.framework",
				"${BUILT_PRODUCTS_DIR}/RxCocoa/RxCocoa.framework",
				"${BUILT_PRODUCTS_DIR}/RxMKMapView/RxMKMapView.framework",
				"${BUILT_PRODUCTS_DIR}/RxSwift/RxSwift.framework",
				"${BUILT_PRODUCTS_DIR}/leveldb-library/leveldb.framework",
				"${BUILT_PRODUCTS_DIR}/nanopb/nanopb.framework",
			);
			name = "[CP] Embed Pods Frameworks";
			outputPaths = (
				"${TARGET_BUILD_DIR}/${FRAMEWORKS_FOLDER_PATH}/Alamofire.framework",
				"${TARGET_BUILD_DIR}/${FRAMEWORKS_FOLDER_PATH}/GoogleToolboxForMac.framework",
				"${TARGET_BUILD_DIR}/${FRAMEWORKS_FOLDER_PATH}/Kingfisher.framework",
				"${TARGET_BUILD_DIR}/${FRAMEWORKS_FOLDER_PATH}/RxCocoa.framework",
				"${TARGET_BUILD_DIR}/${FRAMEWORKS_FOLDER_PATH}/RxMKMapView.framework",
				"${TARGET_BUILD_DIR}/${FRAMEWORKS_FOLDER_PATH}/RxSwift.framework",
				"${TARGET_BUILD_DIR}/${FRAMEWORKS_FOLDER_PATH}/leveldb.framework",
				"${TARGET_BUILD_DIR}/${FRAMEWORKS_FOLDER_PATH}/nanopb.framework",
			);
			runOnlyForDeploymentPostprocessing = 0;
			shellPath = /bin/sh;
			shellScript = "\"${SRCROOT}/Pods/Target Support Files/Pods-ShiftLog/Pods-ShiftLog-frameworks.sh\"\n";
			showEnvVarsInLog = 0;
		};
		247A0FD8A79123BA597F4E1D /* [CP] Check Pods Manifest.lock */ = {
			isa = PBXShellScriptBuildPhase;
			buildActionMask = 2147483647;
			files = (
			);
			inputPaths = (
				"${PODS_PODFILE_DIR_PATH}/Podfile.lock",
				"${PODS_ROOT}/Manifest.lock",
			);
			name = "[CP] Check Pods Manifest.lock";
			outputPaths = (
				"$(DERIVED_FILE_DIR)/Pods-ShiftLogTests-checkManifestLockResult.txt",
			);
			runOnlyForDeploymentPostprocessing = 0;
			shellPath = /bin/sh;
			shellScript = "diff \"${PODS_PODFILE_DIR_PATH}/Podfile.lock\" \"${PODS_ROOT}/Manifest.lock\" > /dev/null\nif [ $? != 0 ] ; then\n    # print error to STDERR\n    echo \"error: The sandbox is not in sync with the Podfile.lock. Run 'pod install' or update your CocoaPods installation.\" >&2\n    exit 1\nfi\n# This output is used by Xcode 'outputs' to avoid re-running this script phase.\necho \"SUCCESS\" > \"${SCRIPT_OUTPUT_FILE_0}\"\n";
			showEnvVarsInLog = 0;
		};
		39FAF2575E7C414631C6BBE3 /* [CP] Copy Pods Resources */ = {
			isa = PBXShellScriptBuildPhase;
			buildActionMask = 2147483647;
			files = (
			);
			inputPaths = (
			);
			name = "[CP] Copy Pods Resources";
			outputPaths = (
			);
			runOnlyForDeploymentPostprocessing = 0;
			shellPath = /bin/sh;
			shellScript = "\"${SRCROOT}/Pods/Target Support Files/Pods-ShiftLog/Pods-ShiftLog-resources.sh\"\n";
			showEnvVarsInLog = 0;
		};
		6AC9782E56674737E382234A /* [CP] Embed Pods Frameworks */ = {
			isa = PBXShellScriptBuildPhase;
			buildActionMask = 2147483647;
			files = (
			);
			inputPaths = (
			);
			name = "[CP] Embed Pods Frameworks";
			outputPaths = (
			);
			runOnlyForDeploymentPostprocessing = 0;
			shellPath = /bin/sh;
			shellScript = "\"${SRCROOT}/Pods/Target Support Files/Pods-ShiftLogUITests/Pods-ShiftLogUITests-frameworks.sh\"\n";
			showEnvVarsInLog = 0;
		};
		6B8A40213E6698093DDBEDA7 /* [CP] Check Pods Manifest.lock */ = {
			isa = PBXShellScriptBuildPhase;
			buildActionMask = 2147483647;
			files = (
			);
			inputPaths = (
				"${PODS_PODFILE_DIR_PATH}/Podfile.lock",
				"${PODS_ROOT}/Manifest.lock",
			);
			name = "[CP] Check Pods Manifest.lock";
			outputPaths = (
				"$(DERIVED_FILE_DIR)/Pods-ShiftLogUITests-checkManifestLockResult.txt",
			);
			runOnlyForDeploymentPostprocessing = 0;
			shellPath = /bin/sh;
			shellScript = "diff \"${PODS_PODFILE_DIR_PATH}/Podfile.lock\" \"${PODS_ROOT}/Manifest.lock\" > /dev/null\nif [ $? != 0 ] ; then\n    # print error to STDERR\n    echo \"error: The sandbox is not in sync with the Podfile.lock. Run 'pod install' or update your CocoaPods installation.\" >&2\n    exit 1\nfi\n# This output is used by Xcode 'outputs' to avoid re-running this script phase.\necho \"SUCCESS\" > \"${SCRIPT_OUTPUT_FILE_0}\"\n";
			showEnvVarsInLog = 0;
		};
		AC33FFA74D045B6B794C65B7 /* [CP] Check Pods Manifest.lock */ = {
			isa = PBXShellScriptBuildPhase;
			buildActionMask = 2147483647;
			files = (
			);
			inputPaths = (
				"${PODS_PODFILE_DIR_PATH}/Podfile.lock",
				"${PODS_ROOT}/Manifest.lock",
			);
			name = "[CP] Check Pods Manifest.lock";
			outputPaths = (
				"$(DERIVED_FILE_DIR)/Pods-ShiftLog-checkManifestLockResult.txt",
			);
			runOnlyForDeploymentPostprocessing = 0;
			shellPath = /bin/sh;
			shellScript = "diff \"${PODS_PODFILE_DIR_PATH}/Podfile.lock\" \"${PODS_ROOT}/Manifest.lock\" > /dev/null\nif [ $? != 0 ] ; then\n    # print error to STDERR\n    echo \"error: The sandbox is not in sync with the Podfile.lock. Run 'pod install' or update your CocoaPods installation.\" >&2\n    exit 1\nfi\n# This output is used by Xcode 'outputs' to avoid re-running this script phase.\necho \"SUCCESS\" > \"${SCRIPT_OUTPUT_FILE_0}\"\n";
			showEnvVarsInLog = 0;
		};
		B0E9D6ED0FD306CD69DF2698 /* [CP] Copy Pods Resources */ = {
			isa = PBXShellScriptBuildPhase;
			buildActionMask = 2147483647;
			files = (
			);
			inputPaths = (
			);
			name = "[CP] Copy Pods Resources";
			outputPaths = (
			);
			runOnlyForDeploymentPostprocessing = 0;
			shellPath = /bin/sh;
			shellScript = "\"${SRCROOT}/Pods/Target Support Files/Pods-ShiftLogUITests/Pods-ShiftLogUITests-resources.sh\"\n";
			showEnvVarsInLog = 0;
		};
		C1C83E8D43DBD19E3CC678F8 /* [CP] Copy Pods Resources */ = {
			isa = PBXShellScriptBuildPhase;
			buildActionMask = 2147483647;
			files = (
			);
			inputPaths = (
			);
			name = "[CP] Copy Pods Resources";
			outputPaths = (
			);
			runOnlyForDeploymentPostprocessing = 0;
			shellPath = /bin/sh;
			shellScript = "\"${SRCROOT}/Pods/Target Support Files/Pods-ShiftLogTests/Pods-ShiftLogTests-resources.sh\"\n";
			showEnvVarsInLog = 0;
		};
/* End PBXShellScriptBuildPhase section */

/* Begin PBXSourcesBuildPhase section */
		A2570970205BD0220003C0A4 /* Sources */ = {
			isa = PBXSourcesBuildPhase;
			buildActionMask = 2147483647;
			files = (
				A2E7C67C205F5C8C006C2B54 /* Notifications.swift in Sources */,
				A2B2CBFB205D4E250019E8BF /* ShiftLogItem.swift in Sources */,
				A2E7C6C220612025006C2B54 /* LogTableViewCell.swift in Sources */,
				A2E7C679205F5627006C2B54 /* ShiftLogViewModel.swift in Sources */,
				A2E7C66F205E7357006C2B54 /* Business.swift in Sources */,
				A2E7C6B8205FDAE0006C2B54 /* BusinessViewModel.swift in Sources */,
				A2E7C663205E13C4006C2B54 /* ApiService.swift in Sources */,
				A2E7C675205E773F006C2B54 /* ShiftEvent.swift in Sources */,
				A2E7C6BB20611F3E006C2B54 /* ShiftLogsTableViewController.swift in Sources */,
				A257097A205BD0220003C0A4 /* ShiftLogMainViewController.swift in Sources */,
				3D2ED49820606ED500FE6644 /* ShiftEventViewModel.swift in Sources */,
				A2570978205BD0220003C0A4 /* AppDelegate.swift in Sources */,
				A2E7C660205E132E006C2B54 /* ApiClient.swift in Sources */,
			);
			runOnlyForDeploymentPostprocessing = 0;
		};
		A2570992205BD0220003C0A4 /* Sources */ = {
			isa = PBXSourcesBuildPhase;
			buildActionMask = 2147483647;
			files = (
				A2E7C6C320612025006C2B54 /* LogTableViewCell.swift in Sources */,
				A2E7C6B5205FC0D1006C2B54 /* Notifications.swift in Sources */,
				A2E7C6AA205FC081006C2B54 /* ShiftLogItem.swift in Sources */,
				A2E7C6A9205FC07D006C2B54 /* AppDelegate.swift in Sources */,
				A257099B205BD0220003C0A4 /* ShiftLogUITests.swift in Sources */,
				3D2ED4A62060D6A400FE6644 /* ShiftEventViewModel.swift in Sources */,
				A2E7C6B3205FC092006C2B54 /* ShiftLogViewModel.swift in Sources */,
				A2E7C6AF205FC08B006C2B54 /* ShiftEvent.swift in Sources */,
				A2E7C6AD205FC085006C2B54 /* Business.swift in Sources */,
				A2E7C6A5205FC076006C2B54 /* ApiClient.swift in Sources */,
				A2E7C6B1205FC08E006C2B54 /* ShiftLogMainViewController.swift in Sources */,
				3D2ED4A52060D6A200FE6644 /* BusinessViewModel.swift in Sources */,
				A2E7C6A6205FC079006C2B54 /* ApiService.swift in Sources */,
				A2E7C6BC20611F3E006C2B54 /* ShiftLogsTableViewController.swift in Sources */,
			);
			runOnlyForDeploymentPostprocessing = 0;
		};
		A2E7C68C205FBCC8006C2B54 /* Sources */ = {
			isa = PBXSourcesBuildPhase;
			buildActionMask = 2147483647;
			files = (
				A2E7C6B6205FC0D1006C2B54 /* Notifications.swift in Sources */,
				A2E7C6AB205FC081006C2B54 /* ShiftLogItem.swift in Sources */,
				A2E7C6A8205FC07C006C2B54 /* AppDelegate.swift in Sources */,
				A2E7C693205FBCC8006C2B54 /* ShiftLogTests.swift in Sources */,
				3D2ED49920606ED500FE6644 /* ShiftEventViewModel.swift in Sources */,
				A2E7C6B4205FC092006C2B54 /* ShiftLogViewModel.swift in Sources */,
				A2E7C6B0205FC08B006C2B54 /* ShiftEvent.swift in Sources */,
				A2E7C6AE205FC085006C2B54 /* Business.swift in Sources */,
				A2E7C6A4205FC075006C2B54 /* ApiClient.swift in Sources */,
				A2E7C6B2205FC08E006C2B54 /* ShiftLogMainViewController.swift in Sources */,
				A2E7C6B9205FDAE0006C2B54 /* BusinessViewModel.swift in Sources */,
				A2E7C6A7205FC07A006C2B54 /* ApiService.swift in Sources */,
			);
			runOnlyForDeploymentPostprocessing = 0;
		};
/* End PBXSourcesBuildPhase section */

/* Begin PBXTargetDependency section */
		A2570998205BD0220003C0A4 /* PBXTargetDependency */ = {
			isa = PBXTargetDependency;
			target = A2570973205BD0220003C0A4 /* ShiftLog */;
			targetProxy = A2570997205BD0220003C0A4 /* PBXContainerItemProxy */;
		};
		A2E7C696205FBCC8006C2B54 /* PBXTargetDependency */ = {
			isa = PBXTargetDependency;
			target = A2570973205BD0220003C0A4 /* ShiftLog */;
			targetProxy = A2E7C695205FBCC8006C2B54 /* PBXContainerItemProxy */;
		};
/* End PBXTargetDependency section */

/* Begin PBXVariantGroup section */
		A2570983205BD0220003C0A4 /* LaunchScreen.storyboard */ = {
			isa = PBXVariantGroup;
			children = (
				A2570984205BD0220003C0A4 /* Base */,
			);
			name = LaunchScreen.storyboard;
			sourceTree = "<group>";
		};
/* End PBXVariantGroup section */

/* Begin XCBuildConfiguration section */
		A257099D205BD0220003C0A4 /* Debug */ = {
			isa = XCBuildConfiguration;
			buildSettings = {
				ALWAYS_SEARCH_USER_PATHS = NO;
				CLANG_ANALYZER_NONNULL = YES;
				CLANG_ANALYZER_NUMBER_OBJECT_CONVERSION = YES_AGGRESSIVE;
				CLANG_CXX_LANGUAGE_STANDARD = "gnu++14";
				CLANG_CXX_LIBRARY = "libc++";
				CLANG_ENABLE_MODULES = YES;
				CLANG_ENABLE_OBJC_ARC = YES;
				CLANG_WARN_BLOCK_CAPTURE_AUTORELEASING = YES;
				CLANG_WARN_BOOL_CONVERSION = YES;
				CLANG_WARN_COMMA = YES;
				CLANG_WARN_CONSTANT_CONVERSION = YES;
				CLANG_WARN_DIRECT_OBJC_ISA_USAGE = YES_ERROR;
				CLANG_WARN_DOCUMENTATION_COMMENTS = YES;
				CLANG_WARN_EMPTY_BODY = YES;
				CLANG_WARN_ENUM_CONVERSION = YES;
				CLANG_WARN_INFINITE_RECURSION = YES;
				CLANG_WARN_INT_CONVERSION = YES;
				CLANG_WARN_NON_LITERAL_NULL_CONVERSION = YES;
				CLANG_WARN_OBJC_LITERAL_CONVERSION = YES;
				CLANG_WARN_OBJC_ROOT_CLASS = YES_ERROR;
				CLANG_WARN_RANGE_LOOP_ANALYSIS = YES;
				CLANG_WARN_STRICT_PROTOTYPES = YES;
				CLANG_WARN_SUSPICIOUS_MOVE = YES;
				CLANG_WARN_UNGUARDED_AVAILABILITY = YES_AGGRESSIVE;
				CLANG_WARN_UNREACHABLE_CODE = YES;
				CLANG_WARN__DUPLICATE_METHOD_MATCH = YES;
				CODE_SIGN_IDENTITY = "iPhone Developer";
				COPY_PHASE_STRIP = NO;
				DEBUG_INFORMATION_FORMAT = dwarf;
				ENABLE_STRICT_OBJC_MSGSEND = YES;
				ENABLE_TESTABILITY = YES;
				GCC_C_LANGUAGE_STANDARD = gnu11;
				GCC_DYNAMIC_NO_PIC = NO;
				GCC_NO_COMMON_BLOCKS = YES;
				GCC_OPTIMIZATION_LEVEL = 0;
				GCC_PREPROCESSOR_DEFINITIONS = (
					"DEBUG=1",
					"$(inherited)",
				);
				GCC_WARN_64_TO_32_BIT_CONVERSION = YES;
				GCC_WARN_ABOUT_RETURN_TYPE = YES_ERROR;
				GCC_WARN_UNDECLARED_SELECTOR = YES;
				GCC_WARN_UNINITIALIZED_AUTOS = YES_AGGRESSIVE;
				GCC_WARN_UNUSED_FUNCTION = YES;
				GCC_WARN_UNUSED_VARIABLE = YES;
				IPHONEOS_DEPLOYMENT_TARGET = 11.2;
				MTL_ENABLE_DEBUG_INFO = YES;
				ONLY_ACTIVE_ARCH = YES;
				SDKROOT = iphoneos;
				SWIFT_ACTIVE_COMPILATION_CONDITIONS = DEBUG;
				SWIFT_OPTIMIZATION_LEVEL = "-Onone";
			};
			name = Debug;
		};
		A257099E205BD0220003C0A4 /* Release */ = {
			isa = XCBuildConfiguration;
			buildSettings = {
				ALWAYS_SEARCH_USER_PATHS = NO;
				CLANG_ANALYZER_NONNULL = YES;
				CLANG_ANALYZER_NUMBER_OBJECT_CONVERSION = YES_AGGRESSIVE;
				CLANG_CXX_LANGUAGE_STANDARD = "gnu++14";
				CLANG_CXX_LIBRARY = "libc++";
				CLANG_ENABLE_MODULES = YES;
				CLANG_ENABLE_OBJC_ARC = YES;
				CLANG_WARN_BLOCK_CAPTURE_AUTORELEASING = YES;
				CLANG_WARN_BOOL_CONVERSION = YES;
				CLANG_WARN_COMMA = YES;
				CLANG_WARN_CONSTANT_CONVERSION = YES;
				CLANG_WARN_DIRECT_OBJC_ISA_USAGE = YES_ERROR;
				CLANG_WARN_DOCUMENTATION_COMMENTS = YES;
				CLANG_WARN_EMPTY_BODY = YES;
				CLANG_WARN_ENUM_CONVERSION = YES;
				CLANG_WARN_INFINITE_RECURSION = YES;
				CLANG_WARN_INT_CONVERSION = YES;
				CLANG_WARN_NON_LITERAL_NULL_CONVERSION = YES;
				CLANG_WARN_OBJC_LITERAL_CONVERSION = YES;
				CLANG_WARN_OBJC_ROOT_CLASS = YES_ERROR;
				CLANG_WARN_RANGE_LOOP_ANALYSIS = YES;
				CLANG_WARN_STRICT_PROTOTYPES = YES;
				CLANG_WARN_SUSPICIOUS_MOVE = YES;
				CLANG_WARN_UNGUARDED_AVAILABILITY = YES_AGGRESSIVE;
				CLANG_WARN_UNREACHABLE_CODE = YES;
				CLANG_WARN__DUPLICATE_METHOD_MATCH = YES;
				CODE_SIGN_IDENTITY = "iPhone Developer";
				COPY_PHASE_STRIP = NO;
				DEBUG_INFORMATION_FORMAT = "dwarf-with-dsym";
				ENABLE_NS_ASSERTIONS = NO;
				ENABLE_STRICT_OBJC_MSGSEND = YES;
				GCC_C_LANGUAGE_STANDARD = gnu11;
				GCC_NO_COMMON_BLOCKS = YES;
				GCC_WARN_64_TO_32_BIT_CONVERSION = YES;
				GCC_WARN_ABOUT_RETURN_TYPE = YES_ERROR;
				GCC_WARN_UNDECLARED_SELECTOR = YES;
				GCC_WARN_UNINITIALIZED_AUTOS = YES_AGGRESSIVE;
				GCC_WARN_UNUSED_FUNCTION = YES;
				GCC_WARN_UNUSED_VARIABLE = YES;
				IPHONEOS_DEPLOYMENT_TARGET = 11.2;
				MTL_ENABLE_DEBUG_INFO = NO;
				SDKROOT = iphoneos;
				SWIFT_OPTIMIZATION_LEVEL = "-Owholemodule";
				VALIDATE_PRODUCT = YES;
			};
			name = Release;
		};
		A25709A0205BD0220003C0A4 /* Debug */ = {
			isa = XCBuildConfiguration;
			baseConfigurationReference = 67A005B176F40E06CFF39DBF /* Pods-ShiftLog.debug.xcconfig */;
			buildSettings = {
				ASSETCATALOG_COMPILER_APPICON_NAME = AppIcon;
				CODE_SIGN_STYLE = Automatic;
				DEVELOPMENT_TEAM = 4PQU2QH5JS;
				INFOPLIST_FILE = ShiftLog/Info.plist;
				LD_RUNPATH_SEARCH_PATHS = "$(inherited) @executable_path/Frameworks";
				PRODUCT_BUNDLE_IDENTIFIER = com.siphty.ShiftLog;
				PRODUCT_NAME = "$(TARGET_NAME)";
				SWIFT_VERSION = 4.0;
				TARGETED_DEVICE_FAMILY = "1,2";
			};
			name = Debug;
		};
		A25709A1205BD0220003C0A4 /* Release */ = {
			isa = XCBuildConfiguration;
			baseConfigurationReference = F7D367F355CB40C150309A5A /* Pods-ShiftLog.release.xcconfig */;
			buildSettings = {
				ASSETCATALOG_COMPILER_APPICON_NAME = AppIcon;
				CODE_SIGN_STYLE = Automatic;
				DEVELOPMENT_TEAM = 4PQU2QH5JS;
				INFOPLIST_FILE = ShiftLog/Info.plist;
				LD_RUNPATH_SEARCH_PATHS = "$(inherited) @executable_path/Frameworks";
				PRODUCT_BUNDLE_IDENTIFIER = com.siphty.ShiftLog;
				PRODUCT_NAME = "$(TARGET_NAME)";
				SWIFT_VERSION = 4.0;
				TARGETED_DEVICE_FAMILY = "1,2";
			};
			name = Release;
		};
		A25709A6205BD0220003C0A4 /* Debug */ = {
			isa = XCBuildConfiguration;
			baseConfigurationReference = 5153B9DE5C3998C0DD0ADA8B /* Pods-ShiftLogUITests.debug.xcconfig */;
			buildSettings = {
				ALWAYS_EMBED_SWIFT_STANDARD_LIBRARIES = YES;
				CODE_SIGN_STYLE = Automatic;
				DEVELOPMENT_TEAM = GZQL33LF2B;
				INFOPLIST_FILE = ShiftLogUITests/Info.plist;
				LD_RUNPATH_SEARCH_PATHS = "$(inherited) @executable_path/Frameworks @loader_path/Frameworks";
				PRODUCT_BUNDLE_IDENTIFIER = com.siphty.ShiftLogUITests;
				PRODUCT_NAME = "$(TARGET_NAME)";
				SWIFT_VERSION = 4.0;
				TARGETED_DEVICE_FAMILY = "1,2";
				TEST_TARGET_NAME = ShiftLog;
			};
			name = Debug;
		};
		A25709A7205BD0220003C0A4 /* Release */ = {
			isa = XCBuildConfiguration;
			baseConfigurationReference = 33C0956886EC2B6C2F2BD837 /* Pods-ShiftLogUITests.release.xcconfig */;
			buildSettings = {
				ALWAYS_EMBED_SWIFT_STANDARD_LIBRARIES = YES;
				CODE_SIGN_STYLE = Automatic;
				DEVELOPMENT_TEAM = GZQL33LF2B;
				INFOPLIST_FILE = ShiftLogUITests/Info.plist;
				LD_RUNPATH_SEARCH_PATHS = "$(inherited) @executable_path/Frameworks @loader_path/Frameworks";
				PRODUCT_BUNDLE_IDENTIFIER = com.siphty.ShiftLogUITests;
				PRODUCT_NAME = "$(TARGET_NAME)";
				SWIFT_VERSION = 4.0;
				TARGETED_DEVICE_FAMILY = "1,2";
				TEST_TARGET_NAME = ShiftLog;
			};
			name = Release;
		};
		A2E7C698205FBCC8006C2B54 /* Debug */ = {
			isa = XCBuildConfiguration;
			baseConfigurationReference = D7ABA8380DE1DA0786DEF6AE /* Pods-ShiftLogTests.debug.xcconfig */;
			buildSettings = {
				BUNDLE_LOADER = "$(TEST_HOST)";
				CODE_SIGN_STYLE = Automatic;
				DEVELOPMENT_TEAM = GZQL33LF2B;
				INFOPLIST_FILE = ShiftLogTests/Info.plist;
				LD_RUNPATH_SEARCH_PATHS = "$(inherited) @executable_path/Frameworks @loader_path/Frameworks";
				PRODUCT_BUNDLE_IDENTIFIER = com.siphty.ShiftLogTests;
				PRODUCT_NAME = "$(TARGET_NAME)";
				SWIFT_VERSION = 4.0;
				TARGETED_DEVICE_FAMILY = "1,2";
				TEST_HOST = "$(BUILT_PRODUCTS_DIR)/ShiftLog.app/ShiftLog";
			};
			name = Debug;
		};
		A2E7C699205FBCC8006C2B54 /* Release */ = {
			isa = XCBuildConfiguration;
			baseConfigurationReference = 6B4F5EEBEE6271874BC21FF4 /* Pods-ShiftLogTests.release.xcconfig */;
			buildSettings = {
				BUNDLE_LOADER = "$(TEST_HOST)";
				CODE_SIGN_STYLE = Automatic;
				DEVELOPMENT_TEAM = GZQL33LF2B;
				INFOPLIST_FILE = ShiftLogTests/Info.plist;
				LD_RUNPATH_SEARCH_PATHS = "$(inherited) @executable_path/Frameworks @loader_path/Frameworks";
				PRODUCT_BUNDLE_IDENTIFIER = com.siphty.ShiftLogTests;
				PRODUCT_NAME = "$(TARGET_NAME)";
				SWIFT_VERSION = 4.0;
				TARGETED_DEVICE_FAMILY = "1,2";
				TEST_HOST = "$(BUILT_PRODUCTS_DIR)/ShiftLog.app/ShiftLog";
			};
			name = Release;
		};
/* End XCBuildConfiguration section */

/* Begin XCConfigurationList section */
		A257096F205BD0220003C0A4 /* Build configuration list for PBXProject "ShiftLog" */ = {
			isa = XCConfigurationList;
			buildConfigurations = (
				A257099D205BD0220003C0A4 /* Debug */,
				A257099E205BD0220003C0A4 /* Release */,
			);
			defaultConfigurationIsVisible = 0;
			defaultConfigurationName = Release;
		};
		A257099F205BD0220003C0A4 /* Build configuration list for PBXNativeTarget "ShiftLog" */ = {
			isa = XCConfigurationList;
			buildConfigurations = (
				A25709A0205BD0220003C0A4 /* Debug */,
				A25709A1205BD0220003C0A4 /* Release */,
			);
			defaultConfigurationIsVisible = 0;
			defaultConfigurationName = Release;
		};
		A25709A5205BD0220003C0A4 /* Build configuration list for PBXNativeTarget "ShiftLogUITests" */ = {
			isa = XCConfigurationList;
			buildConfigurations = (
				A25709A6205BD0220003C0A4 /* Debug */,
				A25709A7205BD0220003C0A4 /* Release */,
			);
			defaultConfigurationIsVisible = 0;
			defaultConfigurationName = Release;
		};
		A2E7C697205FBCC8006C2B54 /* Build configuration list for PBXNativeTarget "ShiftLogTests" */ = {
			isa = XCConfigurationList;
			buildConfigurations = (
				A2E7C698205FBCC8006C2B54 /* Debug */,
				A2E7C699205FBCC8006C2B54 /* Release */,
			);
			defaultConfigurationIsVisible = 0;
			defaultConfigurationName = Release;
		};
/* End XCConfigurationList section */
	};
	rootObject = A257096C205BD0220003C0A4 /* Project object */;
}
